<?xml version="1.0" encoding="utf-8"?>
<Project ToolsVersion="4.0" xmlns="http://schemas.microsoft.com/developer/msbuild/2003">
  <ItemGroup>
    <Filter Include="Исходные файлы">
      <UniqueIdentifier>{4FC737F1-C7A5-4376-A066-2A32D752A2FF}</UniqueIdentifier>
      <Extensions>cpp;c;cc;cxx;c++;cppm;ixx;def;odl;idl;hpj;bat;asm;asmx</Extensions>
    </Filter>
    <Filter Include="Файлы заголовков">
      <UniqueIdentifier>{93995380-89BD-4b04-88EB-625FBE52EBFB}</UniqueIdentifier>
      <Extensions>h;hh;hpp;hxx;h++;hm;inl;inc;ipp;xsd</Extensions>
    </Filter>
    <Filter Include="Файлы ресурсов">
      <UniqueIdentifier>{67DA6AB6-F800-4c08-8B7A-83BB121AAD01}</UniqueIdentifier>
      <Extensions>rc;ico;cur;bmp;dlg;rc2;rct;bin;rgs;gif;jpg;jpeg;jpe;resx;tiff;tif;png;wav;mfcribbon-ms</Extensions>
    </Filter>
    <Filter Include="Исходные файлы\Lab1">
      <UniqueIdentifier>{b6e09257-2162-4d41-a342-0353d3e26f94}</UniqueIdentifier>
    </Filter>
    <Filter Include="Исходные файлы\Lab2">
      <UniqueIdentifier>{f9d19a20-562b-4889-8a9a-6d58dcf1eddf}</UniqueIdentifier>
    </Filter>
    <Filter Include="Исходные файлы\Lab3">
      <UniqueIdentifier>{c3bac9da-46e5-4e96-80d3-ec77207274f3}</UniqueIdentifier>
    </Filter>
    <Filter Include="Файлы заголовков\Lab1">
      <UniqueIdentifier>{bad8e125-a61e-4ac4-8a71-fe94a6b9e7f8}</UniqueIdentifier>
    </Filter>
    <Filter Include="Файлы заголовков\Lab2">
      <UniqueIdentifier>{42cfad12-2fb3-4dad-b24a-1815313a3e26}</UniqueIdentifier>
    </Filter>
    <Filter Include="Файлы заголовков\Lab3">
      <UniqueIdentifier>{b63a3657-b02b-4621-a0c5-0c82bb90cd3c}</UniqueIdentifier>
    </Filter>
  </ItemGroup>
  <ItemGroup>
    <ClCompile Include="Book.cpp">
      <Filter>Исходные файлы\Lab3</Filter>
    </ClCompile>
    <ClCompile Include="Route.cpp">
      <Filter>Исходные файлы\Lab3</Filter>
    </ClCompile>
    <ClCompile Include="Point_Rectangle.cpp">
      <Filter>Исходные файлы\Lab3</Filter>
    </ClCompile>
    <ClCompile Include="Time_Flight.cpp">
      <Filter>Исходные файлы\Lab3</Filter>
    </ClCompile>
    <ClCompile Include="Music.cpp">
      <Filter>Исходные файлы\Lab3</Filter>
    </ClCompile>
    <ClCompile Include="OOP_LAB_3.cpp">
      <Filter>Исходные файлы\Lab3</Filter>
    </ClCompile>
  </ItemGroup>
  <ItemGroup>
    <ClInclude Include="Book.h">
      <Filter>Файлы заголовков\Lab3</Filter>
    </ClInclude>
    <ClInclude Include="Route.h">
      <Filter>Файлы заголовков\Lab3</Filter>
    </ClInclude>
    <ClInclude Include="Point_Rectangle.h">
      <Filter>Файлы заголовков\Lab3</Filter>
    </ClInclude>
    <ClInclude Include="Time_Flight.h">
      <Filter>Файлы заголовков\Lab3</Filter>
    </ClInclude>
    <ClInclude Include="Music.h">
      <Filter>Файлы заголовков\Lab3</Filter>
    </ClInclude>
  </ItemGroup>
</Project>